<?xml version="1.0" encoding="UTF-8" standalone="yes" ?>
<CodeBlocks_project_file>
	<FileVersion major="1" minor="6" />
	<Project>
		<Option title="online-book-reader" />
		<Option pch_mode="2" />
		<Option compiler="gcc" />
		<Build>
			<Target title="Debug">
				<Option output="bin/Debug/online-book-reader" prefix_auto="1" extension_auto="1" />
				<Option object_output="obj/Debug/" />
				<Option type="1" />
				<Option compiler="gcc" />
				<Compiler>
					<Add option="-g" />
				</Compiler>
			</Target>
			<Target title="Release">
				<Option output="bin/Release/online-book-reader" prefix_auto="1" extension_auto="1" />
				<Option object_output="obj/Release/" />
				<Option type="1" />
				<Option compiler="gcc" />
				<Compiler>
					<Add option="-O2" />
				</Compiler>
				<Linker>
					<Add option="-s" />
				</Linker>
			</Target>
		</Build>
		<Compiler>
			<Add option="-Wall" />
			<Add option="-fexceptions" />
		</Compiler>
		<Unit filename="admin-view.cpp" />
		<Unit filename="admin-view.h" />
		<Unit filename="book-reading-session.cpp" />
		<Unit filename="book-reading-session.h" />
		<Unit filename="book.cpp" />
		<Unit filename="book.h" />
		<Unit filename="books-manager.cpp" />
		<Unit filename="books-manager.h" />
		<Unit filename="helper.cpp" />
		<Unit filename="helper.h" />
		<Unit filename="main.cpp" />
		<Unit filename="online-reader-system.cpp" />
		<Unit filename="online-reader-system.h" />
		<Unit filename="user-view.cpp" />
		<Unit filename="user-view.h" />
		<Unit filename="user.cpp" />
		<Unit filename="user.h" />
		<Unit filename="users-manager.cpp" />
		<Unit filename="users-manager.h" />
		<Extensions>
			<lib_finder disable_auto="1" />
		</Extensions>
	</Project>
</CodeBlocks_project_file>
